
Microsoft Visual Studio Solution File, Format Version 12.00
# Visual Studio Version 17
VisualStudioVersion = 17.10.35027.167
MinimumVisualStudioVersion = 10.0.40219.1
Project("{FAE04EC0-301F-11D3-BF4B-00C04F79EFBC}") = "Practice-LINQ-GROUP-JOIN", "Practice-LINQ-GROUP-JOIN\Practice-LINQ-GROUP-JOIN.csproj", "{444EF9B5-C509-4D92-96A6-03B97893C6CF}"
EndProject
Global
	GlobalSection(SolutionConfigurationPlatforms) = preSolution
		Debug|Any CPU = Debug|Any CPU
		Release|Any CPU = Release|Any CPU
	EndGlobalSection
	GlobalSection(ProjectConfigurationPlatforms) = postSolution
		{444EF9B5-C509-4D92-96A6-03B97893C6CF}.Debug|Any CPU.ActiveCfg = Debug|Any CPU
		{444EF9B5-C509-4D92-96A6-03B97893C6CF}.Debug|Any CPU.Build.0 = Debug|Any CPU
		{444EF9B5-C509-4D92-96A6-03B97893C6CF}.Release|Any CPU.ActiveCfg = Release|Any CPU
		{444EF9B5-C509-4D92-96A6-03B97893C6CF}.Release|Any CPU.Build.0 = Release|Any CPU
	EndGlobalSection
	GlobalSection(SolutionProperties) = preSolution
		HideSolutionNode = FALSE
	EndGlobalSection
	GlobalSection(ExtensibilityGlobals) = postSolution
		SolutionGuid = {4998F20C-7111-4C36-ABCD-B1CEB572B45A}
	EndGlobalSection
EndGlobal
